
Microsoft Visual Studio Solution File, Format Version 12.00
# Visual Studio Version 17
VisualStudioVersion = 17.9.34622.214
MinimumVisualStudioVersion = 10.0.40219.1
Project("{FAE04EC0-301F-11D3-BF4B-00C04F79EFBC}") = "03ProductAPI", "03ProductAPI\03ProductAPI.csproj", "{1D1AE6C9-D442-4D10-8B7E-C4017C3F074C}"
EndProject
Global
	GlobalSection(SolutionConfigurationPlatforms) = preSolution
		Debug|Any CPU = Debug|Any CPU
		Release|Any CPU = Release|Any CPU
	EndGlobalSection
	GlobalSection(ProjectConfigurationPlatforms) = postSolution
		{1D1AE6C9-D442-4D10-8B7E-C4017C3F074C}.Debug|Any CPU.ActiveCfg = Debug|Any CPU
		{1D1AE6C9-D442-4D10-8B7E-C4017C3F074C}.Debug|Any CPU.Build.0 = Debug|Any CPU
		{1D1AE6C9-D442-4D10-8B7E-C4017C3F074C}.Release|Any CPU.ActiveCfg = Release|Any CPU
		{1D1AE6C9-D442-4D10-8B7E-C4017C3F074C}.Release|Any CPU.Build.0 = Release|Any CPU
	EndGlobalSection
	GlobalSection(SolutionProperties) = preSolution
		HideSolutionNode = FALSE
	EndGlobalSection
	GlobalSection(ExtensibilityGlobals) = postSolution
		SolutionGuid = {56AD98D1-8381-4FE3-AC3B-E474A0409A52}
	EndGlobalSection
EndGlobal
