
Microsoft Visual Studio Solution File, Format Version 12.00
# Visual Studio Version 17
VisualStudioVersion = 17.9.34622.214
MinimumVisualStudioVersion = 10.0.40219.1
Project("{9A19103F-16F7-4668-BE54-9A1E7A4F7556}") = "03FrondEndRazorPagApp", "03FrondEndRazorPagApp\03FrondEndRazorPagApp.csproj", "{B17B5010-2322-40CE-A7CF-2522C26AF385}"
EndProject
Global
	GlobalSection(SolutionConfigurationPlatforms) = preSolution
		Debug|Any CPU = Debug|Any CPU
		Release|Any CPU = Release|Any CPU
	EndGlobalSection
	GlobalSection(ProjectConfigurationPlatforms) = postSolution
		{B17B5010-2322-40CE-A7CF-2522C26AF385}.Debug|Any CPU.ActiveCfg = Debug|Any CPU
		{B17B5010-2322-40CE-A7CF-2522C26AF385}.Debug|Any CPU.Build.0 = Debug|Any CPU
		{B17B5010-2322-40CE-A7CF-2522C26AF385}.Release|Any CPU.ActiveCfg = Release|Any CPU
		{B17B5010-2322-40CE-A7CF-2522C26AF385}.Release|Any CPU.Build.0 = Release|Any CPU
	EndGlobalSection
	GlobalSection(SolutionProperties) = preSolution
		HideSolutionNode = FALSE
	EndGlobalSection
	GlobalSection(ExtensibilityGlobals) = postSolution
		SolutionGuid = {790B71B3-331E-40F1-BBB8-897164BF55AD}
	EndGlobalSection
EndGlobal
